
Microsoft Visual Studio Solution File, Format Version 12.00
# Visual Studio Version 16
VisualStudioVersion = 16.0.31624.102
MinimumVisualStudioVersion = 10.0.40219.1
Project("{FAE04EC0-301F-11D3-BF4B-00C04F79EFBC}") = "Day15_GenericsDemo", "Day15_GenericsDemo\Day15_GenericsDemo.csproj", "{BB75D0CF-C456-4823-810B-956361A9B849}"
EndProject
Project("{FAE04EC0-301F-11D3-BF4B-00C04F79EFBC}") = "FindMaximumNumberProject", "Maximum\FindMaximumNumberProject.csproj", "{8FBC2FE2-7E3B-438F-8C08-BA6197B160D9}"
EndProject
Global
	GlobalSection(SolutionConfigurationPlatforms) = preSolution
		Debug|Any CPU = Debug|Any CPU
		Release|Any CPU = Release|Any CPU
	EndGlobalSection
	GlobalSection(ProjectConfigurationPlatforms) = postSolution
		{BB75D0CF-C456-4823-810B-956361A9B849}.Debug|Any CPU.ActiveCfg = Debug|Any CPU
		{BB75D0CF-C456-4823-810B-956361A9B849}.Debug|Any CPU.Build.0 = Debug|Any CPU
		{BB75D0CF-C456-4823-810B-956361A9B849}.Release|Any CPU.ActiveCfg = Release|Any CPU
		{BB75D0CF-C456-4823-810B-956361A9B849}.Release|Any CPU.Build.0 = Release|Any CPU
		{8FBC2FE2-7E3B-438F-8C08-BA6197B160D9}.Debug|Any CPU.ActiveCfg = Debug|Any CPU
		{8FBC2FE2-7E3B-438F-8C08-BA6197B160D9}.Debug|Any CPU.Build.0 = Debug|Any CPU
		{8FBC2FE2-7E3B-438F-8C08-BA6197B160D9}.Release|Any CPU.ActiveCfg = Release|Any CPU
		{8FBC2FE2-7E3B-438F-8C08-BA6197B160D9}.Release|Any CPU.Build.0 = Release|Any CPU
	EndGlobalSection
	GlobalSection(SolutionProperties) = preSolution
		HideSolutionNode = FALSE
	EndGlobalSection
	GlobalSection(ExtensibilityGlobals) = postSolution
		SolutionGuid = {EC867CB6-0AF1-4FD3-BE12-7AE26FB1E1ED}
	EndGlobalSection
EndGlobal
